// !$*UTF8*$!
{
	archiveVersion = 1;
	classes = {
	};
	objectVersion = 50;
	objects = {

/* Begin PBXBuildFile section */
		6207ACC223AC971300F37F31 /* Assets.xcassets in Resources */ = {isa = PBXBuildFile; fileRef = 6207ACC123AC971300F37F31 /* Assets.xcassets */; };
		6207ACC523AC971300F37F31 /* LaunchScreen.storyboard in Resources */ = {isa = PBXBuildFile; fileRef = 6207ACC323AC971300F37F31 /* LaunchScreen.storyboard */; };
		6207ACCF23AC977100F37F31 /* AppDelegate.swift in Sources */ = {isa = PBXBuildFile; fileRef = 6207ACCE23AC977100F37F31 /* AppDelegate.swift */; };
		6207ACD123AC978100F37F31 /* ProductListVC.swift in Sources */ = {isa = PBXBuildFile; fileRef = 6207ACD023AC978100F37F31 /* ProductListVC.swift */; };
		6207ACD323AC978900F37F31 /* ProductListVC.storyboard in Resources */ = {isa = PBXBuildFile; fileRef = 6207ACD223AC978900F37F31 /* ProductListVC.storyboard */; };
		6207ACD623AC983900F37F31 /* GET_PRODUCT_LIST.JSON in Resources */ = {isa = PBXBuildFile; fileRef = 6207ACD523AC983900F37F31 /* GET_PRODUCT_LIST.JSON */; };
		6207ACDB23AC98A700F37F31 /* ProductListVM.swift in Sources */ = {isa = PBXBuildFile; fileRef = 6207ACDA23AC98A700F37F31 /* ProductListVM.swift */; };
		6207ACDD23AC994F00F37F31 /* Product.swift in Sources */ = {isa = PBXBuildFile; fileRef = 6207ACDC23AC994F00F37F31 /* Product.swift */; };
		6207ACE123AC9A2900F37F31 /* ProductListCell.swift in Sources */ = {isa = PBXBuildFile; fileRef = 6207ACDF23AC9A2900F37F31 /* ProductListCell.swift */; };
		6207ACE223AC9A2900F37F31 /* ProductListCell.xib in Resources */ = {isa = PBXBuildFile; fileRef = 6207ACE023AC9A2900F37F31 /* ProductListCell.xib */; };
		6207ACE523ACA51C00F37F31 /* ProductService.swift in Sources */ = {isa = PBXBuildFile; fileRef = 6207ACE423ACA51C00F37F31 /* ProductService.swift */; };
		6207ACE823ACADD700F37F31 /* WebServiceManager.swift in Sources */ = {isa = PBXBuildFile; fileRef = 6207ACE723ACADD700F37F31 /* WebServiceManager.swift */; };
		6213783423ADD37300E77B6B /* WishListVC.storyboard in Resources */ = {isa = PBXBuildFile; fileRef = 6213783323ADD37300E77B6B /* WishListVC.storyboard */; };
		6213783623ADD38700E77B6B /* WishListVC.swift in Sources */ = {isa = PBXBuildFile; fileRef = 6213783523ADD38700E77B6B /* WishListVC.swift */; };
		6213783A23ADD6F900E77B6B /* WishListVM.swift in Sources */ = {isa = PBXBuildFile; fileRef = 6213783923ADD6F900E77B6B /* WishListVM.swift */; };
		6213783D23ADD79700E77B6B /* WishList.swift in Sources */ = {isa = PBXBuildFile; fileRef = 6213783C23ADD79700E77B6B /* WishList.swift */; };
		6213784023ADEEA500E77B6B /* ProductDetailsVC.swift in Sources */ = {isa = PBXBuildFile; fileRef = 6213783F23ADEEA500E77B6B /* ProductDetailsVC.swift */; };
		6213784523ADEF0300E77B6B /* ProductDetailsVC.storyboard in Resources */ = {isa = PBXBuildFile; fileRef = 6213784423ADEF0300E77B6B /* ProductDetailsVC.storyboard */; };
		6213784723ADF0B900E77B6B /* ProductDetailsVM.swift in Sources */ = {isa = PBXBuildFile; fileRef = 6213784623ADF0B900E77B6B /* ProductDetailsVM.swift */; };
		62644C5B23ACC25E001CA332 /* ImageViewLoader.swift in Sources */ = {isa = PBXBuildFile; fileRef = 62644C5A23ACC25E001CA332 /* ImageViewLoader.swift */; };
/* End PBXBuildFile section */

/* Begin PBXFileReference section */
		6207ACB523AC971200F37F31 /* Shopper.app */ = {isa = PBXFileReference; explicitFileType = wrapper.application; includeInIndex = 0; path = Shopper.app; sourceTree = BUILT_PRODUCTS_DIR; };
		6207ACC123AC971300F37F31 /* Assets.xcassets */ = {isa = PBXFileReference; lastKnownFileType = folder.assetcatalog; path = Assets.xcassets; sourceTree = "<group>"; };
		6207ACC423AC971300F37F31 /* Base */ = {isa = PBXFileReference; lastKnownFileType = file.storyboard; name = Base; path = Base.lproj/LaunchScreen.storyboard; sourceTree = "<group>"; };
		6207ACC623AC971300F37F31 /* Info.plist */ = {isa = PBXFileReference; lastKnownFileType = text.plist.xml; path = Info.plist; sourceTree = "<group>"; };
		6207ACCE23AC977100F37F31 /* AppDelegate.swift */ = {isa = PBXFileReference; fileEncoding = 4; lastKnownFileType = sourcecode.swift; path = AppDelegate.swift; sourceTree = "<group>"; };
		6207ACD023AC978100F37F31 /* ProductListVC.swift */ = {isa = PBXFileReference; fileEncoding = 4; lastKnownFileType = sourcecode.swift; path = ProductListVC.swift; sourceTree = "<group>"; };
		6207ACD223AC978900F37F31 /* ProductListVC.storyboard */ = {isa = PBXFileReference; fileEncoding = 4; lastKnownFileType = file.storyboard; path = ProductListVC.storyboard; sourceTree = "<group>"; };
		6207ACD523AC983900F37F31 /* GET_PRODUCT_LIST.JSON */ = {isa = PBXFileReference; fileEncoding = 4; lastKnownFileType = text.json; path = GET_PRODUCT_LIST.JSON; sourceTree = "<group>"; };
		6207ACDA23AC98A700F37F31 /* ProductListVM.swift */ = {isa = PBXFileReference; lastKnownFileType = sourcecode.swift; path = ProductListVM.swift; sourceTree = "<group>"; };
		6207ACDC23AC994F00F37F31 /* Product.swift */ = {isa = PBXFileReference; lastKnownFileType = sourcecode.swift; path = Product.swift; sourceTree = "<group>"; };
		6207ACDF23AC9A2900F37F31 /* ProductListCell.swift */ = {isa = PBXFileReference; lastKnownFileType = sourcecode.swift; path = ProductListCell.swift; sourceTree = "<group>"; };
		6207ACE023AC9A2900F37F31 /* ProductListCell.xib */ = {isa = PBXFileReference; lastKnownFileType = file.xib; path = ProductListCell.xib; sourceTree = "<group>"; };
		6207ACE423ACA51C00F37F31 /* ProductService.swift */ = {isa = PBXFileReference; lastKnownFileType = sourcecode.swift; path = ProductService.swift; sourceTree = "<group>"; };
		6207ACE723ACADD700F37F31 /* WebServiceManager.swift */ = {isa = PBXFileReference; lastKnownFileType = sourcecode.swift; path = WebServiceManager.swift; sourceTree = "<group>"; };
		6213783323ADD37300E77B6B /* WishListVC.storyboard */ = {isa = PBXFileReference; lastKnownFileType = file.storyboard; path = WishListVC.storyboard; sourceTree = "<group>"; };
		6213783523ADD38700E77B6B /* WishListVC.swift */ = {isa = PBXFileReference; lastKnownFileType = sourcecode.swift; path = WishListVC.swift; sourceTree = "<group>"; };
		6213783923ADD6F900E77B6B /* WishListVM.swift */ = {isa = PBXFileReference; lastKnownFileType = sourcecode.swift; path = WishListVM.swift; sourceTree = "<group>"; };
		6213783C23ADD79700E77B6B /* WishList.swift */ = {isa = PBXFileReference; lastKnownFileType = sourcecode.swift; path = WishList.swift; sourceTree = "<group>"; };
		6213783F23ADEEA500E77B6B /* ProductDetailsVC.swift */ = {isa = PBXFileReference; lastKnownFileType = sourcecode.swift; path = ProductDetailsVC.swift; sourceTree = "<group>"; };
		6213784423ADEF0300E77B6B /* ProductDetailsVC.storyboard */ = {isa = PBXFileReference; lastKnownFileType = file.storyboard; path = ProductDetailsVC.storyboard; sourceTree = "<group>"; };
		6213784623ADF0B900E77B6B /* ProductDetailsVM.swift */ = {isa = PBXFileReference; lastKnownFileType = sourcecode.swift; path = ProductDetailsVM.swift; sourceTree = "<group>"; };
		62644C5A23ACC25E001CA332 /* ImageViewLoader.swift */ = {isa = PBXFileReference; lastKnownFileType = sourcecode.swift; path = ImageViewLoader.swift; sourceTree = "<group>"; };
/* End PBXFileReference section */

/* Begin PBXFrameworksBuildPhase section */
		6207ACB223AC971200F37F31 /* Frameworks */ = {
			isa = PBXFrameworksBuildPhase;
			buildActionMask = 2147483647;
			files = (
			);
			runOnlyForDeploymentPostprocessing = 0;
		};
/* End PBXFrameworksBuildPhase section */

/* Begin PBXGroup section */
		6207ACAC23AC971200F37F31 = {
			isa = PBXGroup;
			children = (
				6207ACB723AC971200F37F31 /* Shopper */,
				6207ACB623AC971200F37F31 /* Products */,
			);
			sourceTree = "<group>";
		};
		6207ACB623AC971200F37F31 /* Products */ = {
			isa = PBXGroup;
			children = (
				6207ACB523AC971200F37F31 /* Shopper.app */,
			);
			name = Products;
			sourceTree = "<group>";
		};
		6207ACB723AC971200F37F31 /* Shopper */ = {
			isa = PBXGroup;
			children = (
				6207ACCC23AC971F00F37F31 /* AppDelegate */,
				6207ACE623ACADB800F37F31 /* WebServiceManager */,
				6207ACCD23AC972900F37F31 /* ProductList */,
				6213783223ADD35900E77B6B /* WishList */,
				6213783E23ADEE8A00E77B6B /* ProductDetails */,
				62644C5923ACC239001CA332 /* Extension */,
				6207ACD423AC981300F37F31 /* Stub */,
				6207ACC123AC971300F37F31 /* Assets.xcassets */,
				6207ACC323AC971300F37F31 /* LaunchScreen.storyboard */,
				6207ACC623AC971300F37F31 /* Info.plist */,
			);
			path = Shopper;
			sourceTree = "<group>";
		};
		6207ACCC23AC971F00F37F31 /* AppDelegate */ = {
			isa = PBXGroup;
			children = (
				6207ACCE23AC977100F37F31 /* AppDelegate.swift */,
			);
			path = AppDelegate;
			sourceTree = "<group>";
		};
		6207ACCD23AC972900F37F31 /* ProductList */ = {
			isa = PBXGroup;
			children = (
				6207ACE323ACA4F100F37F31 /* Service */,
				6207ACD923AC987700F37F31 /* Model */,
				6207ACD823AC986B00F37F31 /* ViewModel */,
				6207ACD723AC986200F37F31 /* View */,
			);
			path = ProductList;
			sourceTree = "<group>";
		};
		6207ACD423AC981300F37F31 /* Stub */ = {
			isa = PBXGroup;
			children = (
				6207ACD523AC983900F37F31 /* GET_PRODUCT_LIST.JSON */,
			);
			path = Stub;
			sourceTree = "<group>";
		};
		6207ACD723AC986200F37F31 /* View */ = {
			isa = PBXGroup;
			children = (
				6207ACDE23AC9A0900F37F31 /* Cells */,
				6207ACD223AC978900F37F31 /* ProductListVC.storyboard */,
				6207ACD023AC978100F37F31 /* ProductListVC.swift */,
			);
			path = View;
			sourceTree = "<group>";
		};
		6207ACD823AC986B00F37F31 /* ViewModel */ = {
			isa = PBXGroup;
			children = (
				6207ACDA23AC98A700F37F31 /* ProductListVM.swift */,
			);
			path = ViewModel;
			sourceTree = "<group>";
		};
		6207ACD923AC987700F37F31 /* Model */ = {
			isa = PBXGroup;
			children = (
				6207ACDC23AC994F00F37F31 /* Product.swift */,
			);
			path = Model;
			sourceTree = "<group>";
		};
		6207ACDE23AC9A0900F37F31 /* Cells */ = {
			isa = PBXGroup;
			children = (
				6207ACDF23AC9A2900F37F31 /* ProductListCell.swift */,
				6207ACE023AC9A2900F37F31 /* ProductListCell.xib */,
			);
			path = Cells;
			sourceTree = "<group>";
		};
		6207ACE323ACA4F100F37F31 /* Service */ = {
			isa = PBXGroup;
			children = (
				6207ACE423ACA51C00F37F31 /* ProductService.swift */,
			);
			path = Service;
			sourceTree = "<group>";
		};
		6207ACE623ACADB800F37F31 /* WebServiceManager */ = {
			isa = PBXGroup;
			children = (
				6207ACE723ACADD700F37F31 /* WebServiceManager.swift */,
			);
			path = WebServiceManager;
			sourceTree = "<group>";
		};
		6213783223ADD35900E77B6B /* WishList */ = {
			isa = PBXGroup;
			children = (
				6213783B23ADD78C00E77B6B /* Model */,
				6213783823ADD6DE00E77B6B /* ViewModel */,
				6213783723ADD6D500E77B6B /* View */,
			);
			path = WishList;
			sourceTree = "<group>";
		};
		6213783723ADD6D500E77B6B /* View */ = {
			isa = PBXGroup;
			children = (
				6213783323ADD37300E77B6B /* WishListVC.storyboard */,
				6213783523ADD38700E77B6B /* WishListVC.swift */,
			);
			path = View;
			sourceTree = "<group>";
		};
		6213783823ADD6DE00E77B6B /* ViewModel */ = {
			isa = PBXGroup;
			children = (
				6213783923ADD6F900E77B6B /* WishListVM.swift */,
			);
			path = ViewModel;
			sourceTree = "<group>";
		};
		6213783B23ADD78C00E77B6B /* Model */ = {
			isa = PBXGroup;
			children = (
				6213783C23ADD79700E77B6B /* WishList.swift */,
			);
			path = Model;
			sourceTree = "<group>";
		};
		6213783E23ADEE8A00E77B6B /* ProductDetails */ = {
			isa = PBXGroup;
			children = (
				6213784223ADEEDB00E77B6B /* ViewModel */,
				6213784123ADEED400E77B6B /* View */,
			);
			path = ProductDetails;
			sourceTree = "<group>";
		};
		6213784123ADEED400E77B6B /* View */ = {
			isa = PBXGroup;
			children = (
				6213783F23ADEEA500E77B6B /* ProductDetailsVC.swift */,
				6213784423ADEF0300E77B6B /* ProductDetailsVC.storyboard */,
			);
			path = View;
			sourceTree = "<group>";
		};
		6213784223ADEEDB00E77B6B /* ViewModel */ = {
			isa = PBXGroup;
			children = (
				6213784623ADF0B900E77B6B /* ProductDetailsVM.swift */,
			);
			path = ViewModel;
			sourceTree = "<group>";
		};
		62644C5923ACC239001CA332 /* Extension */ = {
			isa = PBXGroup;
			children = (
				62644C5A23ACC25E001CA332 /* ImageViewLoader.swift */,
			);
			path = Extension;
			sourceTree = "<group>";
		};
/* End PBXGroup section */

/* Begin PBXNativeTarget section */
		6207ACB423AC971200F37F31 /* Shopper */ = {
			isa = PBXNativeTarget;
			buildConfigurationList = 6207ACC923AC971300F37F31 /* Build configuration list for PBXNativeTarget "Shopper" */;
			buildPhases = (
				6207ACB123AC971200F37F31 /* Sources */,
				6207ACB223AC971200F37F31 /* Frameworks */,
				6207ACB323AC971200F37F31 /* Resources */,
			);
			buildRules = (
			);
			dependencies = (
			);
			name = Shopper;
			productName = Shopper;
			productReference = 6207ACB523AC971200F37F31 /* Shopper.app */;
			productType = "com.apple.product-type.application";
		};
/* End PBXNativeTarget section */

/* Begin PBXProject section */
		6207ACAD23AC971200F37F31 /* Project object */ = {
			isa = PBXProject;
			attributes = {
				LastSwiftUpdateCheck = 1120;
				LastUpgradeCheck = 1120;
				ORGANIZATIONNAME = Techops;
				TargetAttributes = {
					6207ACB423AC971200F37F31 = {
						CreatedOnToolsVersion = 11.2.1;
						LastSwiftMigration = 1120;
					};
				};
			};
			buildConfigurationList = 6207ACB023AC971200F37F31 /* Build configuration list for PBXProject "Shopper" */;
			compatibilityVersion = "Xcode 9.3";
			developmentRegion = en;
			hasScannedForEncodings = 0;
			knownRegions = (
				en,
				Base,
			);
			mainGroup = 6207ACAC23AC971200F37F31;
			productRefGroup = 6207ACB623AC971200F37F31 /* Products */;
			projectDirPath = "";
			projectRoot = "";
			targets = (
				6207ACB423AC971200F37F31 /* Shopper */,
			);
		};
/* End PBXProject section */

/* Begin PBXResourcesBuildPhase section */
		6207ACB323AC971200F37F31 /* Resources */ = {
			isa = PBXResourcesBuildPhase;
			buildActionMask = 2147483647;
			files = (
				6207ACD323AC978900F37F31 /* ProductListVC.storyboard in Resources */,
				6207ACE223AC9A2900F37F31 /* ProductListCell.xib in Resources */,
				6213783423ADD37300E77B6B /* WishListVC.storyboard in Resources */,
				6207ACD623AC983900F37F31 /* GET_PRODUCT_LIST.JSON in Resources */,
				6207ACC523AC971300F37F31 /* LaunchScreen.storyboard in Resources */,
				6207ACC223AC971300F37F31 /* Assets.xcassets in Resources */,
				6213784523ADEF0300E77B6B /* ProductDetailsVC.storyboard in Resources */,
			);
			runOnlyForDeploymentPostprocessing = 0;
		};
/* End PBXResourcesBuildPhase section */

/* Begin PBXSourcesBuildPhase section */
		6207ACB123AC971200F37F31 /* Sources */ = {
			isa = PBXSourcesBuildPhase;
			buildActionMask = 2147483647;
			files = (
				6213783D23ADD79700E77B6B /* WishList.swift in Sources */,
				6207ACD123AC978100F37F31 /* ProductListVC.swift in Sources */,
				6207ACE823ACADD700F37F31 /* WebServiceManager.swift in Sources */,
				6207ACDD23AC994F00F37F31 /* Product.swift in Sources */,
				6213784723ADF0B900E77B6B /* ProductDetailsVM.swift in Sources */,
				6213783623ADD38700E77B6B /* WishListVC.swift in Sources */,
				6213784023ADEEA500E77B6B /* ProductDetailsVC.swift in Sources */,
				6207ACDB23AC98A700F37F31 /* ProductListVM.swift in Sources */,
				6213783A23ADD6F900E77B6B /* WishListVM.swift in Sources */,
				6207ACCF23AC977100F37F31 /* AppDelegate.swift in Sources */,
				62644C5B23ACC25E001CA332 /* ImageViewLoader.swift in Sources */,
				6207ACE123AC9A2900F37F31 /* ProductListCell.swift in Sources */,
				6207ACE523ACA51C00F37F31 /* ProductService.swift in Sources */,
			);
			runOnlyForDeploymentPostprocessing = 0;
		};
/* End PBXSourcesBuildPhase section */

/* Begin PBXVariantGroup section */
		6207ACC323AC971300F37F31 /* LaunchScreen.storyboard */ = {
			isa = PBXVariantGroup;
			children = (
				6207ACC423AC971300F37F31 /* Base */,
			);
			name = LaunchScreen.storyboard;
			sourceTree = "<group>";
		};
/* End PBXVariantGroup section */

/* Begin XCBuildConfiguration section */
		6207ACC723AC971300F37F31 /* Debug */ = {
			isa = XCBuildConfiguration;
			buildSettings = {
				ALWAYS_SEARCH_USER_PATHS = NO;
				CLANG_ANALYZER_NONNULL = YES;
				CLANG_ANALYZER_NUMBER_OBJECT_CONVERSION = YES_AGGRESSIVE;
				CLANG_CXX_LANGUAGE_STANDARD = "gnu++14";
				CLANG_CXX_LIBRARY = "libc++";
				CLANG_ENABLE_MODULES = YES;
				CLANG_ENABLE_OBJC_ARC = YES;
				CLANG_ENABLE_OBJC_WEAK = YES;
				CLANG_WARN_BLOCK_CAPTURE_AUTORELEASING = YES;
				CLANG_WARN_BOOL_CONVERSION = YES;
				CLANG_WARN_COMMA = YES;
				CLANG_WARN_CONSTANT_CONVERSION = YES;
				CLANG_WARN_DEPRECATED_OBJC_IMPLEMENTATIONS = YES;
				CLANG_WARN_DIRECT_OBJC_ISA_USAGE = YES_ERROR;
				CLANG_WARN_DOCUMENTATION_COMMENTS = YES;
				CLANG_WARN_EMPTY_BODY = YES;
				CLANG_WARN_ENUM_CONVERSION = YES;
				CLANG_WARN_INFINITE_RECURSION = YES;
				CLANG_WARN_INT_CONVERSION = YES;
				CLANG_WARN_NON_LITERAL_NULL_CONVERSION = YES;
				CLANG_WARN_OBJC_IMPLICIT_RETAIN_SELF = YES;
				CLANG_WARN_OBJC_LITERAL_CONVERSION = YES;
				CLANG_WARN_OBJC_ROOT_CLASS = YES_ERROR;
				CLANG_WARN_RANGE_LOOP_ANALYSIS = YES;
				CLANG_WARN_STRICT_PROTOTYPES = YES;
				CLANG_WARN_SUSPICIOUS_MOVE = YES;
				CLANG_WARN_UNGUARDED_AVAILABILITY = YES_AGGRESSIVE;
				CLANG_WARN_UNREACHABLE_CODE = YES;
				CLANG_WARN__DUPLICATE_METHOD_MATCH = YES;
				COPY_PHASE_STRIP = NO;
				DEBUG_INFORMATION_FORMAT = dwarf;
				ENABLE_STRICT_OBJC_MSGSEND = YES;
				ENABLE_TESTABILITY = YES;
				GCC_C_LANGUAGE_STANDARD = gnu11;
				GCC_DYNAMIC_NO_PIC = NO;
				GCC_NO_COMMON_BLOCKS = YES;
				GCC_OPTIMIZATION_LEVEL = 0;
				GCC_PREPROCESSOR_DEFINITIONS = (
					"DEBUG=1",
					"$(inherited)",
				);
				GCC_WARN_64_TO_32_BIT_CONVERSION = YES;
				GCC_WARN_ABOUT_RETURN_TYPE = YES_ERROR;
				GCC_WARN_UNDECLARED_SELECTOR = YES;
				GCC_WARN_UNINITIALIZED_AUTOS = YES_AGGRESSIVE;
				GCC_WARN_UNUSED_FUNCTION = YES;
				GCC_WARN_UNUSED_VARIABLE = YES;
				IPHONEOS_DEPLOYMENT_TARGET = 13.2;
				MTL_ENABLE_DEBUG_INFO = INCLUDE_SOURCE;
				MTL_FAST_MATH = YES;
				ONLY_ACTIVE_ARCH = YES;
				SDKROOT = iphoneos;
				SWIFT_ACTIVE_COMPILATION_CONDITIONS = DEBUG;
				SWIFT_OPTIMIZATION_LEVEL = "-Onone";
			};
			name = Debug;
		};
		6207ACC823AC971300F37F31 /* Release */ = {
			isa = XCBuildConfiguration;
			buildSettings = {
				ALWAYS_SEARCH_USER_PATHS = NO;
				CLANG_ANALYZER_NONNULL = YES;
				CLANG_ANALYZER_NUMBER_OBJECT_CONVERSION = YES_AGGRESSIVE;
				CLANG_CXX_LANGUAGE_STANDARD = "gnu++14";
				CLANG_CXX_LIBRARY = "libc++";
				CLANG_ENABLE_MODULES = YES;
				CLANG_ENABLE_OBJC_ARC = YES;
				CLANG_ENABLE_OBJC_WEAK = YES;
				CLANG_WARN_BLOCK_CAPTURE_AUTORELEASING = YES;
				CLANG_WARN_BOOL_CONVERSION = YES;
				CLANG_WARN_COMMA = YES;
				CLANG_WARN_CONSTANT_CONVERSION = YES;
				CLANG_WARN_DEPRECATED_OBJC_IMPLEMENTATIONS = YES;
				CLANG_WARN_DIRECT_OBJC_ISA_USAGE = YES_ERROR;
				CLANG_WARN_DOCUMENTATION_COMMENTS = YES;
				CLANG_WARN_EMPTY_BODY = YES;
				CLANG_WARN_ENUM_CONVERSION = YES;
				CLANG_WARN_INFINITE_RECURSION = YES;
				CLANG_WARN_INT_CONVERSION = YES;
				CLANG_WARN_NON_LITERAL_NULL_CONVERSION = YES;
				CLANG_WARN_OBJC_IMPLICIT_RETAIN_SELF = YES;
				CLANG_WARN_OBJC_LITERAL_CONVERSION = YES;
				CLANG_WARN_OBJC_ROOT_CLASS = YES_ERROR;
				CLANG_WARN_RANGE_LOOP_ANALYSIS = YES;
				CLANG_WARN_STRICT_PROTOTYPES = YES;
				CLANG_WARN_SUSPICIOUS_MOVE = YES;
				CLANG_WARN_UNGUARDED_AVAILABILITY = YES_AGGRESSIVE;
				CLANG_WARN_UNREACHABLE_CODE = YES;
				CLANG_WARN__DUPLICATE_METHOD_MATCH = YES;
				COPY_PHASE_STRIP = NO;
				DEBUG_INFORMATION_FORMAT = "dwarf-with-dsym";
				ENABLE_NS_ASSERTIONS = NO;
				ENABLE_STRICT_OBJC_MSGSEND = YES;
				GCC_C_LANGUAGE_STANDARD = gnu11;
				GCC_NO_COMMON_BLOCKS = YES;
				GCC_WARN_64_TO_32_BIT_CONVERSION = YES;
				GCC_WARN_ABOUT_RETURN_TYPE = YES_ERROR;
				GCC_WARN_UNDECLARED_SELECTOR = YES;
				GCC_WARN_UNINITIALIZED_AUTOS = YES_AGGRESSIVE;
				GCC_WARN_UNUSED_FUNCTION = YES;
				GCC_WARN_UNUSED_VARIABLE = YES;
				IPHONEOS_DEPLOYMENT_TARGET = 13.2;
				MTL_ENABLE_DEBUG_INFO = NO;
				MTL_FAST_MATH = YES;
				SDKROOT = iphoneos;
				SWIFT_COMPILATION_MODE = wholemodule;
				SWIFT_OPTIMIZATION_LEVEL = "-O";
				VALIDATE_PRODUCT = YES;
			};
			name = Release;
		};
		6207ACCA23AC971300F37F31 /* Debug */ = {
			isa = XCBuildConfiguration;
			buildSettings = {
				ASSETCATALOG_COMPILER_APPICON_NAME = AppIcon;
				CLANG_ENABLE_MODULES = YES;
				CODE_SIGN_STYLE = Automatic;
				INFOPLIST_FILE = Shopper/Info.plist;
				IPHONEOS_DEPLOYMENT_TARGET = 12.0;
				LD_RUNPATH_SEARCH_PATHS = (
					"$(inherited)",
					"@executable_path/Frameworks",
				);
				PRODUCT_BUNDLE_IDENTIFIER = Techops.Shopper;
				PRODUCT_NAME = "$(TARGET_NAME)";
				SWIFT_OPTIMIZATION_LEVEL = "-Onone";
				SWIFT_VERSION = 5.0;
				TARGETED_DEVICE_FAMILY = "1,2";
			};
			name = Debug;
		};
		6207ACCB23AC971300F37F31 /* Release */ = {
			isa = XCBuildConfiguration;
			buildSettings = {
				ASSETCATALOG_COMPILER_APPICON_NAME = AppIcon;
				CLANG_ENABLE_MODULES = YES;
				CODE_SIGN_STYLE = Automatic;
				INFOPLIST_FILE = Shopper/Info.plist;
				IPHONEOS_DEPLOYMENT_TARGET = 12.0;
				LD_RUNPATH_SEARCH_PATHS = (
					"$(inherited)",
					"@executable_path/Frameworks",
				);
				PRODUCT_BUNDLE_IDENTIFIER = Techops.Shopper;
				PRODUCT_NAME = "$(TARGET_NAME)";
				SWIFT_VERSION = 5.0;
				TARGETED_DEVICE_FAMILY = "1,2";
			};
			name = Release;
		};
/* End XCBuildConfiguration section */

/* Begin XCConfigurationList section */
		6207ACB023AC971200F37F31 /* Build configuration list for PBXProject "Shopper" */ = {
			isa = XCConfigurationList;
			buildConfigurations = (
				6207ACC723AC971300F37F31 /* Debug */,
				6207ACC823AC971300F37F31 /* Release */,
			);
			defaultConfigurationIsVisible = 0;
			defaultConfigurationName = Release;
		};
		6207ACC923AC971300F37F31 /* Build configuration list for PBXNativeTarget "Shopper" */ = {
			isa = XCConfigurationList;
			buildConfigurations = (
				6207ACCA23AC971300F37F31 /* Debug */,
				6207ACCB23AC971300F37F31 /* Release */,
			);
			defaultConfigurationIsVisible = 0;
			defaultConfigurationName = Release;
		};
/* End XCConfigurationList section */
	};
	rootObject = 6207ACAD23AC971200F37F31 /* Project object */;
}
